
Microsoft Visual Studio Solution File, Format Version 12.00
# Visual Studio 15
VisualStudioVersion = 15.0.28010.2003
MinimumVisualStudioVersion = 10.0.40219.1
Project("{FAE04EC0-301F-11D3-BF4B-00C04F79EFBC}") = "algoritmy_lesson1", "algoritmy_lesson1\algoritmy_lesson1.csproj", "{4594C278-58C8-4F02-BCB1-47341A59EE0A}"
EndProject
Global
	GlobalSection(SolutionConfigurationPlatforms) = preSolution
		Debug|Any CPU = Debug|Any CPU
		Release|Any CPU = Release|Any CPU
	EndGlobalSection
	GlobalSection(ProjectConfigurationPlatforms) = postSolution
		{4594C278-58C8-4F02-BCB1-47341A59EE0A}.Debug|Any CPU.ActiveCfg = Debug|Any CPU
		{4594C278-58C8-4F02-BCB1-47341A59EE0A}.Debug|Any CPU.Build.0 = Debug|Any CPU
		{4594C278-58C8-4F02-BCB1-47341A59EE0A}.Release|Any CPU.ActiveCfg = Release|Any CPU
		{4594C278-58C8-4F02-BCB1-47341A59EE0A}.Release|Any CPU.Build.0 = Release|Any CPU
	EndGlobalSection
	GlobalSection(SolutionProperties) = preSolution
		HideSolutionNode = FALSE
	EndGlobalSection
	GlobalSection(ExtensibilityGlobals) = postSolution
		SolutionGuid = {E11E213A-D13C-412C-8210-8BB50A9A8524}
	EndGlobalSection
EndGlobal
