
Microsoft Visual Studio Solution File, Format Version 12.00
# Visual Studio 15
VisualStudioVersion = 15.0.28010.2003
MinimumVisualStudioVersion = 10.0.40219.1
Project("{9A19103F-16F7-4668-BE54-9A1E7A4F7556}") = "Task_1", "Lesson_2\Task_1.csproj", "{5C3AB344-B08A-43B4-AC16-7FFA4670A18F}"
EndProject
Project("{FAE04EC0-301F-11D3-BF4B-00C04F79EFBC}") = "Task_2", "Task_2\Task_2.csproj", "{36857B91-68D9-41C1-B13D-8665ED85CD92}"
EndProject
Global
	GlobalSection(SolutionConfigurationPlatforms) = preSolution
		Debug|Any CPU = Debug|Any CPU
		Release|Any CPU = Release|Any CPU
	EndGlobalSection
	GlobalSection(ProjectConfigurationPlatforms) = postSolution
		{5C3AB344-B08A-43B4-AC16-7FFA4670A18F}.Debug|Any CPU.ActiveCfg = Debug|Any CPU
		{5C3AB344-B08A-43B4-AC16-7FFA4670A18F}.Debug|Any CPU.Build.0 = Debug|Any CPU
		{5C3AB344-B08A-43B4-AC16-7FFA4670A18F}.Release|Any CPU.ActiveCfg = Release|Any CPU
		{5C3AB344-B08A-43B4-AC16-7FFA4670A18F}.Release|Any CPU.Build.0 = Release|Any CPU
		{36857B91-68D9-41C1-B13D-8665ED85CD92}.Debug|Any CPU.ActiveCfg = Debug|Any CPU
		{36857B91-68D9-41C1-B13D-8665ED85CD92}.Debug|Any CPU.Build.0 = Debug|Any CPU
		{36857B91-68D9-41C1-B13D-8665ED85CD92}.Release|Any CPU.ActiveCfg = Release|Any CPU
		{36857B91-68D9-41C1-B13D-8665ED85CD92}.Release|Any CPU.Build.0 = Release|Any CPU
	EndGlobalSection
	GlobalSection(SolutionProperties) = preSolution
		HideSolutionNode = FALSE
	EndGlobalSection
	GlobalSection(ExtensibilityGlobals) = postSolution
		SolutionGuid = {7E950C99-5BB1-4410-931F-C57420414B83}
	EndGlobalSection
EndGlobal
