
Microsoft Visual Studio Solution File, Format Version 12.00
# Visual Studio 15
VisualStudioVersion = 15.0.28010.2003
MinimumVisualStudioVersion = 10.0.40219.1
Project("{FAE04EC0-301F-11D3-BF4B-00C04F79EFBC}") = "Task_1", "Task_1\Task_1.csproj", "{D562C08F-57B7-4072-9AFA-799924610A9D}"
EndProject
Project("{FAE04EC0-301F-11D3-BF4B-00C04F79EFBC}") = "Task_2", "Task_2\Task_2.csproj", "{F6614EA1-DC03-46D2-8D5C-4007180D75C0}"
EndProject
Project("{FAE04EC0-301F-11D3-BF4B-00C04F79EFBC}") = "Task_3", "Task_3\Task_3.csproj", "{47681B76-4B51-471C-AAD4-71328902A76D}"
EndProject
Global
	GlobalSection(SolutionConfigurationPlatforms) = preSolution
		Debug|Any CPU = Debug|Any CPU
		Release|Any CPU = Release|Any CPU
	EndGlobalSection
	GlobalSection(ProjectConfigurationPlatforms) = postSolution
		{D562C08F-57B7-4072-9AFA-799924610A9D}.Debug|Any CPU.ActiveCfg = Debug|Any CPU
		{D562C08F-57B7-4072-9AFA-799924610A9D}.Debug|Any CPU.Build.0 = Debug|Any CPU
		{D562C08F-57B7-4072-9AFA-799924610A9D}.Release|Any CPU.ActiveCfg = Release|Any CPU
		{D562C08F-57B7-4072-9AFA-799924610A9D}.Release|Any CPU.Build.0 = Release|Any CPU
		{F6614EA1-DC03-46D2-8D5C-4007180D75C0}.Debug|Any CPU.ActiveCfg = Debug|Any CPU
		{F6614EA1-DC03-46D2-8D5C-4007180D75C0}.Debug|Any CPU.Build.0 = Debug|Any CPU
		{F6614EA1-DC03-46D2-8D5C-4007180D75C0}.Release|Any CPU.ActiveCfg = Release|Any CPU
		{F6614EA1-DC03-46D2-8D5C-4007180D75C0}.Release|Any CPU.Build.0 = Release|Any CPU
		{47681B76-4B51-471C-AAD4-71328902A76D}.Debug|Any CPU.ActiveCfg = Debug|Any CPU
		{47681B76-4B51-471C-AAD4-71328902A76D}.Debug|Any CPU.Build.0 = Debug|Any CPU
		{47681B76-4B51-471C-AAD4-71328902A76D}.Release|Any CPU.ActiveCfg = Release|Any CPU
		{47681B76-4B51-471C-AAD4-71328902A76D}.Release|Any CPU.Build.0 = Release|Any CPU
	EndGlobalSection
	GlobalSection(SolutionProperties) = preSolution
		HideSolutionNode = FALSE
	EndGlobalSection
	GlobalSection(ExtensibilityGlobals) = postSolution
		SolutionGuid = {3B15054E-1BE0-4BDE-AC10-1095F8210FF9}
	EndGlobalSection
EndGlobal
